PODS:
  - Alamofire (5.7.1)
  - SDWebImage (5.17.0):
    - SDWebImage/Core (= 5.17.0)
  - SDWebImage/Core (5.17.0)
  - youtube-ios-player-helper (1.0.4)

DEPENDENCIES:
  - Alamofire
  - SDWebImage
  - youtube-ios-player-helper

SPEC REPOS:
  trunk:
    - Alamofire
    - SDWebImage
    - youtube-ios-player-helper

SPEC CHECKSUMS:
  Alamofire: 0123a34370cb170936ae79a8df46cc62b2edeb88
  SDWebImage: 750adf017a315a280c60fde706ab1e552a3ae4e9
  youtube-ios-player-helper: e9b97535e816db3152179d84d999bc1807ecd689

PODFILE CHECKSUM: 5f269060d92852cb0bd06b83e14462a8a4240c10

COCOAPODS: 1.11.3
