// !$*UTF8*$!
{
	archiveVersion = 1;
	classes = {
	};
	objectVersion = 56;
	objects = {

/* Begin PBXBuildFile section */
		883C9FF55395BBDFB9EFA55D /* Pods_MoviesNatife.framework in Frameworks */ = {isa = PBXBuildFile; fileRef = 8AF6382C3B0EF1182DCC05F6 /* Pods_MoviesNatife.framework */; };
		DF04F1E12AED802400260C18 /* MovieDetails.swift in Sources */ = {isa = PBXBuildFile; fileRef = DF04F1E02AED802400260C18 /* MovieDetails.swift */; };
		DF07A4A52AE98D6E00F11149 /* MovieLoadingCollectionReusableView.swift in Sources */ = {isa = PBXBuildFile; fileRef = DF07A4A42AE98D6E00F11149 /* MovieLoadingCollectionReusableView.swift */; };
		DF13ECD22AEBBA1A00666311 /* MovieNoSearchResultsView.swift in Sources */ = {isa = PBXBuildFile; fileRef = DF13ECD12AEBBA1A00666311 /* MovieNoSearchResultsView.swift */; };
		DF13ECD42AEBBA5800666311 /* MovieNoSearchResultsViewViewModel.swift in Sources */ = {isa = PBXBuildFile; fileRef = DF13ECD32AEBBA5800666311 /* MovieNoSearchResultsViewViewModel.swift */; };
		DF342D562AEE745B008DF101 /* MovieDetailsViewController.swift in Sources */ = {isa = PBXBuildFile; fileRef = DF342D552AEE745B008DF101 /* MovieDetailsViewController.swift */; };
		DF342D582AEEAB3A008DF101 /* MovieDetailViewViewModel.swift in Sources */ = {isa = PBXBuildFile; fileRef = DF342D572AEEAB3A008DF101 /* MovieDetailViewViewModel.swift */; };
		DF342D5A2AEEABDC008DF101 /* MovieDetailView.swift in Sources */ = {isa = PBXBuildFile; fileRef = DF342D592AEEABDC008DF101 /* MovieDetailView.swift */; };
		DF342D5E2AEECBB6008DF101 /* ImageViewController.swift in Sources */ = {isa = PBXBuildFile; fileRef = DF342D5D2AEECBB5008DF101 /* ImageViewController.swift */; };
		DF342D602AEED256008DF101 /* VideoResponse.swift in Sources */ = {isa = PBXBuildFile; fileRef = DF342D5F2AEED256008DF101 /* VideoResponse.swift */; };
		DF342D622AEED2B2008DF101 /* Video.swift in Sources */ = {isa = PBXBuildFile; fileRef = DF342D612AEED2B2008DF101 /* Video.swift */; };
		DF96FC332AE81B860039B4B3 /* APICacheManager.swift in Sources */ = {isa = PBXBuildFile; fileRef = DF96FC322AE81B860039B4B3 /* APICacheManager.swift */; };
		DF96FC372AE8293A0039B4B3 /* MovieRequest.swift in Sources */ = {isa = PBXBuildFile; fileRef = DF96FC362AE8293A0039B4B3 /* MovieRequest.swift */; };
		DF96FC392AE8298C0039B4B3 /* MovieEndpoint.swift in Sources */ = {isa = PBXBuildFile; fileRef = DF96FC382AE8298C0039B4B3 /* MovieEndpoint.swift */; };
		DF9DEFC52AEADF8D00D09D97 /* GenresResponse.swift in Sources */ = {isa = PBXBuildFile; fileRef = DF9DEFC42AEADF8D00D09D97 /* GenresResponse.swift */; };
		DFB2BCA42AF03DB700C81AE5 /* VideoPlayerViewController.swift in Sources */ = {isa = PBXBuildFile; fileRef = DFB2BCA32AF03DB700C81AE5 /* VideoPlayerViewController.swift */; };
		DFD480212AEAC26600B6C225 /* MovieSearchInputView.swift in Sources */ = {isa = PBXBuildFile; fileRef = DFD480202AEAC26600B6C225 /* MovieSearchInputView.swift */; };
		DFDBBA4F2AE7C24E0050F1DB /* MovieListView.swift in Sources */ = {isa = PBXBuildFile; fileRef = DFDBBA4E2AE7C24E0050F1DB /* MovieListView.swift */; };
		DFDBBA512AE7C2CC0050F1DB /* MovieCollectionViewCell.swift in Sources */ = {isa = PBXBuildFile; fileRef = DFDBBA502AE7C2CC0050F1DB /* MovieCollectionViewCell.swift */; };
		DFDBBA532AE7C5980050F1DB /* MovieListViewViewModel.swift in Sources */ = {isa = PBXBuildFile; fileRef = DFDBBA522AE7C5980050F1DB /* MovieListViewViewModel.swift */; };
		DFDBBA552AE7CAB10050F1DB /* MovieCollectionViewCellViewModel.swift in Sources */ = {isa = PBXBuildFile; fileRef = DFDBBA542AE7CAB10050F1DB /* MovieCollectionViewCellViewModel.swift */; };
		DFF45DCD2AE6BD7A001EA107 /* AppDelegate.swift in Sources */ = {isa = PBXBuildFile; fileRef = DFF45DCC2AE6BD7A001EA107 /* AppDelegate.swift */; };
		DFF45DCF2AE6BD7A001EA107 /* SceneDelegate.swift in Sources */ = {isa = PBXBuildFile; fileRef = DFF45DCE2AE6BD7A001EA107 /* SceneDelegate.swift */; };
		DFF45DD12AE6BD7A001EA107 /* PopularMoviesViewController.swift in Sources */ = {isa = PBXBuildFile; fileRef = DFF45DD02AE6BD7A001EA107 /* PopularMoviesViewController.swift */; };
		DFF45DD62AE6BD7B001EA107 /* Assets.xcassets in Resources */ = {isa = PBXBuildFile; fileRef = DFF45DD52AE6BD7B001EA107 /* Assets.xcassets */; };
		DFF45DD92AE6BD7B001EA107 /* LaunchScreen.storyboard in Resources */ = {isa = PBXBuildFile; fileRef = DFF45DD72AE6BD7B001EA107 /* LaunchScreen.storyboard */; };
		DFF45DE22AE6C457001EA107 /* Extensions.swift in Sources */ = {isa = PBXBuildFile; fileRef = DFF45DE12AE6C457001EA107 /* Extensions.swift */; };
		DFF45DEA2AE6C948001EA107 /* Utilities.swift in Sources */ = {isa = PBXBuildFile; fileRef = DFF45DE92AE6C948001EA107 /* Utilities.swift */; };
		DFF45DF42AE6D2D4001EA107 /* ApiManager.swift in Sources */ = {isa = PBXBuildFile; fileRef = DFF45DF32AE6D2D4001EA107 /* ApiManager.swift */; };
		DFF45DF62AE6D2E1001EA107 /* AlamofireHelper.swift in Sources */ = {isa = PBXBuildFile; fileRef = DFF45DF52AE6D2E1001EA107 /* AlamofireHelper.swift */; };
		DFF45DF82AE6D346001EA107 /* BaseConstants.swift in Sources */ = {isa = PBXBuildFile; fileRef = DFF45DF72AE6D346001EA107 /* BaseConstants.swift */; };
		DFF45DFA2AE6D469001EA107 /* MoviesResponse.swift in Sources */ = {isa = PBXBuildFile; fileRef = DFF45DF92AE6D469001EA107 /* MoviesResponse.swift */; };
		DFF45DFC2AE6D55F001EA107 /* Reachability.swift in Sources */ = {isa = PBXBuildFile; fileRef = DFF45DFB2AE6D55F001EA107 /* Reachability.swift */; };
		DFF45DFE2AE6DAF7001EA107 /* Movie.swift in Sources */ = {isa = PBXBuildFile; fileRef = DFF45DFD2AE6DAF7001EA107 /* Movie.swift */; };
		DFF45E012AE6EE0E001EA107 /* LogManager.swift in Sources */ = {isa = PBXBuildFile; fileRef = DFF45E002AE6EE0E001EA107 /* LogManager.swift */; };
		DFF45E032AE6F488001EA107 /* Alert.swift in Sources */ = {isa = PBXBuildFile; fileRef = DFF45E022AE6F488001EA107 /* Alert.swift */; };
/* End PBXBuildFile section */

/* Begin PBXFileReference section */
		84099F9D17535CAB4F0F6AB2 /* Pods-MoviesNatife.debug.xcconfig */ = {isa = PBXFileReference; includeInIndex = 1; lastKnownFileType = text.xcconfig; name = "Pods-MoviesNatife.debug.xcconfig"; path = "Target Support Files/Pods-MoviesNatife/Pods-MoviesNatife.debug.xcconfig"; sourceTree = "<group>"; };
		8AF6382C3B0EF1182DCC05F6 /* Pods_MoviesNatife.framework */ = {isa = PBXFileReference; explicitFileType = wrapper.framework; includeInIndex = 0; path = Pods_MoviesNatife.framework; sourceTree = BUILT_PRODUCTS_DIR; };
		B190B3AAF3DB19BE49450B85 /* Pods-MoviesNatife.release.xcconfig */ = {isa = PBXFileReference; includeInIndex = 1; lastKnownFileType = text.xcconfig; name = "Pods-MoviesNatife.release.xcconfig"; path = "Target Support Files/Pods-MoviesNatife/Pods-MoviesNatife.release.xcconfig"; sourceTree = "<group>"; };
		DF04F1E02AED802400260C18 /* MovieDetails.swift */ = {isa = PBXFileReference; lastKnownFileType = sourcecode.swift; path = MovieDetails.swift; sourceTree = "<group>"; };
		DF07A4A42AE98D6E00F11149 /* MovieLoadingCollectionReusableView.swift */ = {isa = PBXFileReference; lastKnownFileType = sourcecode.swift; path = MovieLoadingCollectionReusableView.swift; sourceTree = "<group>"; };
		DF13ECD12AEBBA1A00666311 /* MovieNoSearchResultsView.swift */ = {isa = PBXFileReference; lastKnownFileType = sourcecode.swift; path = MovieNoSearchResultsView.swift; sourceTree = "<group>"; };
		DF13ECD32AEBBA5800666311 /* MovieNoSearchResultsViewViewModel.swift */ = {isa = PBXFileReference; lastKnownFileType = sourcecode.swift; path = MovieNoSearchResultsViewViewModel.swift; sourceTree = "<group>"; };
		DF342D552AEE745B008DF101 /* MovieDetailsViewController.swift */ = {isa = PBXFileReference; lastKnownFileType = sourcecode.swift; path = MovieDetailsViewController.swift; sourceTree = "<group>"; };
		DF342D572AEEAB3A008DF101 /* MovieDetailViewViewModel.swift */ = {isa = PBXFileReference; lastKnownFileType = sourcecode.swift; path = MovieDetailViewViewModel.swift; sourceTree = "<group>"; };
		DF342D592AEEABDC008DF101 /* MovieDetailView.swift */ = {isa = PBXFileReference; lastKnownFileType = sourcecode.swift; path = MovieDetailView.swift; sourceTree = "<group>"; };
		DF342D5D2AEECBB5008DF101 /* ImageViewController.swift */ = {isa = PBXFileReference; lastKnownFileType = sourcecode.swift; path = ImageViewController.swift; sourceTree = "<group>"; };
		DF342D5F2AEED256008DF101 /* VideoResponse.swift */ = {isa = PBXFileReference; lastKnownFileType = sourcecode.swift; path = VideoResponse.swift; sourceTree = "<group>"; };
		DF342D612AEED2B2008DF101 /* Video.swift */ = {isa = PBXFileReference; lastKnownFileType = sourcecode.swift; path = Video.swift; sourceTree = "<group>"; };
		DF96FC322AE81B860039B4B3 /* APICacheManager.swift */ = {isa = PBXFileReference; lastKnownFileType = sourcecode.swift; path = APICacheManager.swift; sourceTree = "<group>"; };
		DF96FC362AE8293A0039B4B3 /* MovieRequest.swift */ = {isa = PBXFileReference; lastKnownFileType = sourcecode.swift; path = MovieRequest.swift; sourceTree = "<group>"; };
		DF96FC382AE8298C0039B4B3 /* MovieEndpoint.swift */ = {isa = PBXFileReference; lastKnownFileType = sourcecode.swift; path = MovieEndpoint.swift; sourceTree = "<group>"; };
		DF9DEFC42AEADF8D00D09D97 /* GenresResponse.swift */ = {isa = PBXFileReference; lastKnownFileType = sourcecode.swift; path = GenresResponse.swift; sourceTree = "<group>"; };
		DFB2BCA32AF03DB700C81AE5 /* VideoPlayerViewController.swift */ = {isa = PBXFileReference; lastKnownFileType = sourcecode.swift; path = VideoPlayerViewController.swift; sourceTree = "<group>"; };
		DFD480202AEAC26600B6C225 /* MovieSearchInputView.swift */ = {isa = PBXFileReference; lastKnownFileType = sourcecode.swift; path = MovieSearchInputView.swift; sourceTree = "<group>"; };
		DFDBBA4E2AE7C24E0050F1DB /* MovieListView.swift */ = {isa = PBXFileReference; lastKnownFileType = sourcecode.swift; path = MovieListView.swift; sourceTree = "<group>"; };
		DFDBBA502AE7C2CC0050F1DB /* MovieCollectionViewCell.swift */ = {isa = PBXFileReference; lastKnownFileType = sourcecode.swift; path = MovieCollectionViewCell.swift; sourceTree = "<group>"; };
		DFDBBA522AE7C5980050F1DB /* MovieListViewViewModel.swift */ = {isa = PBXFileReference; lastKnownFileType = sourcecode.swift; path = MovieListViewViewModel.swift; sourceTree = "<group>"; };
		DFDBBA542AE7CAB10050F1DB /* MovieCollectionViewCellViewModel.swift */ = {isa = PBXFileReference; lastKnownFileType = sourcecode.swift; path = MovieCollectionViewCellViewModel.swift; sourceTree = "<group>"; };
		DFF45DC92AE6BD7A001EA107 /* MoviesNatife.app */ = {isa = PBXFileReference; explicitFileType = wrapper.application; includeInIndex = 0; path = MoviesNatife.app; sourceTree = BUILT_PRODUCTS_DIR; };
		DFF45DCC2AE6BD7A001EA107 /* AppDelegate.swift */ = {isa = PBXFileReference; lastKnownFileType = sourcecode.swift; path = AppDelegate.swift; sourceTree = "<group>"; };
		DFF45DCE2AE6BD7A001EA107 /* SceneDelegate.swift */ = {isa = PBXFileReference; lastKnownFileType = sourcecode.swift; path = SceneDelegate.swift; sourceTree = "<group>"; };
		DFF45DD02AE6BD7A001EA107 /* PopularMoviesViewController.swift */ = {isa = PBXFileReference; lastKnownFileType = sourcecode.swift; path = PopularMoviesViewController.swift; sourceTree = "<group>"; };
		DFF45DD52AE6BD7B001EA107 /* Assets.xcassets */ = {isa = PBXFileReference; lastKnownFileType = folder.assetcatalog; path = Assets.xcassets; sourceTree = "<group>"; };
		DFF45DD82AE6BD7B001EA107 /* Base */ = {isa = PBXFileReference; lastKnownFileType = file.storyboard; name = Base; path = Base.lproj/LaunchScreen.storyboard; sourceTree = "<group>"; };
		DFF45DDA2AE6BD7B001EA107 /* Info.plist */ = {isa = PBXFileReference; lastKnownFileType = text.plist.xml; path = Info.plist; sourceTree = "<group>"; };
		DFF45DE12AE6C457001EA107 /* Extensions.swift */ = {isa = PBXFileReference; lastKnownFileType = sourcecode.swift; path = Extensions.swift; sourceTree = "<group>"; };
		DFF45DE92AE6C948001EA107 /* Utilities.swift */ = {isa = PBXFileReference; lastKnownFileType = sourcecode.swift; path = Utilities.swift; sourceTree = "<group>"; };
		DFF45DF32AE6D2D4001EA107 /* ApiManager.swift */ = {isa = PBXFileReference; lastKnownFileType = sourcecode.swift; path = ApiManager.swift; sourceTree = "<group>"; };
		DFF45DF52AE6D2E1001EA107 /* AlamofireHelper.swift */ = {isa = PBXFileReference; lastKnownFileType = sourcecode.swift; path = AlamofireHelper.swift; sourceTree = "<group>"; };
		DFF45DF72AE6D346001EA107 /* BaseConstants.swift */ = {isa = PBXFileReference; lastKnownFileType = sourcecode.swift; path = BaseConstants.swift; sourceTree = "<group>"; };
		DFF45DF92AE6D469001EA107 /* MoviesResponse.swift */ = {isa = PBXFileReference; lastKnownFileType = sourcecode.swift; path = MoviesResponse.swift; sourceTree = "<group>"; };
		DFF45DFB2AE6D55F001EA107 /* Reachability.swift */ = {isa = PBXFileReference; lastKnownFileType = sourcecode.swift; path = Reachability.swift; sourceTree = "<group>"; };
		DFF45DFD2AE6DAF7001EA107 /* Movie.swift */ = {isa = PBXFileReference; lastKnownFileType = sourcecode.swift; path = Movie.swift; sourceTree = "<group>"; };
		DFF45E002AE6EE0E001EA107 /* LogManager.swift */ = {isa = PBXFileReference; lastKnownFileType = sourcecode.swift; path = LogManager.swift; sourceTree = "<group>"; };
		DFF45E022AE6F488001EA107 /* Alert.swift */ = {isa = PBXFileReference; lastKnownFileType = sourcecode.swift; path = Alert.swift; sourceTree = "<group>"; };
/* End PBXFileReference section */

/* Begin PBXFrameworksBuildPhase section */
		DFF45DC62AE6BD7A001EA107 /* Frameworks */ = {
			isa = PBXFrameworksBuildPhase;
			buildActionMask = 2147483647;
			files = (
				883C9FF55395BBDFB9EFA55D /* Pods_MoviesNatife.framework in Frameworks */,
			);
			runOnlyForDeploymentPostprocessing = 0;
		};
/* End PBXFrameworksBuildPhase section */

/* Begin PBXGroup section */
		60E5A473C0F3A09EFC55163C /* Frameworks */ = {
			isa = PBXGroup;
			children = (
				8AF6382C3B0EF1182DCC05F6 /* Pods_MoviesNatife.framework */,
			);
			name = Frameworks;
			sourceTree = "<group>";
		};
		DF342D5B2AEEABE0008DF101 /* Detail */ = {
			isa = PBXGroup;
			children = (
				DF342D592AEEABDC008DF101 /* MovieDetailView.swift */,
			);
			path = Detail;
			sourceTree = "<group>";
		};
		DF342D5C2AEEABF0008DF101 /* Detail */ = {
			isa = PBXGroup;
			children = (
				DF342D572AEEAB3A008DF101 /* MovieDetailViewViewModel.swift */,
			);
			path = Detail;
			sourceTree = "<group>";
		};
		DFF45DC02AE6BD7A001EA107 = {
			isa = PBXGroup;
			children = (
				DFF45DCB2AE6BD7A001EA107 /* MoviesNatife */,
				DFF45DCA2AE6BD7A001EA107 /* Products */,
				E3EF012FDFB984F400EF8511 /* Pods */,
				60E5A473C0F3A09EFC55163C /* Frameworks */,
			);
			sourceTree = "<group>";
		};
		DFF45DCA2AE6BD7A001EA107 /* Products */ = {
			isa = PBXGroup;
			children = (
				DFF45DC92AE6BD7A001EA107 /* MoviesNatife.app */,
			);
			name = Products;
			sourceTree = "<group>";
		};
		DFF45DCB2AE6BD7A001EA107 /* MoviesNatife */ = {
			isa = PBXGroup;
			children = (
				DFF45DE02AE6C42B001EA107 /* Utils */,
				DFF45DE42AE6C494001EA107 /* Resources */,
				DFF45DF22AE6D2C9001EA107 /* Managers */,
				DFF45DE82AE6C4E0001EA107 /* Models */,
				DFF45DE72AE6C4D8001EA107 /* ViewModels */,
				DFF45DE62AE6C4BC001EA107 /* Views */,
				DFF45DE32AE6C47F001EA107 /* Controllers */,
				DFF45DDA2AE6BD7B001EA107 /* Info.plist */,
			);
			path = MoviesNatife;
			sourceTree = "<group>";
		};
		DFF45DE02AE6C42B001EA107 /* Utils */ = {
			isa = PBXGroup;
			children = (
				DFF45DE12AE6C457001EA107 /* Extensions.swift */,
				DFF45DE92AE6C948001EA107 /* Utilities.swift */,
				DFF45E022AE6F488001EA107 /* Alert.swift */,
			);
			path = Utils;
			sourceTree = "<group>";
		};
		DFF45DE32AE6C47F001EA107 /* Controllers */ = {
			isa = PBXGroup;
			children = (
				DFF45DD02AE6BD7A001EA107 /* PopularMoviesViewController.swift */,
				DF342D552AEE745B008DF101 /* MovieDetailsViewController.swift */,
				DFB2BCA32AF03DB700C81AE5 /* VideoPlayerViewController.swift */,
				DF342D5D2AEECBB5008DF101 /* ImageViewController.swift */,
			);
			path = Controllers;
			sourceTree = "<group>";
		};
		DFF45DE42AE6C494001EA107 /* Resources */ = {
			isa = PBXGroup;
			children = (
				DFF45DCC2AE6BD7A001EA107 /* AppDelegate.swift */,
				DFF45DCE2AE6BD7A001EA107 /* SceneDelegate.swift */,
				DFF45DD52AE6BD7B001EA107 /* Assets.xcassets */,
				DFF45DD72AE6BD7B001EA107 /* LaunchScreen.storyboard */,
				DFF45DFF2AE6DBDD001EA107 /* Network */,
			);
			path = Resources;
			sourceTree = "<group>";
		};
		DFF45DE62AE6C4BC001EA107 /* Views */ = {
			isa = PBXGroup;
			children = (
				DFDBBA4E2AE7C24E0050F1DB /* MovieListView.swift */,
				DFDBBA502AE7C2CC0050F1DB /* MovieCollectionViewCell.swift */,
				DF07A4A42AE98D6E00F11149 /* MovieLoadingCollectionReusableView.swift */,
				DFD480202AEAC26600B6C225 /* MovieSearchInputView.swift */,
				DF13ECD12AEBBA1A00666311 /* MovieNoSearchResultsView.swift */,
				DF342D5B2AEEABE0008DF101 /* Detail */,
			);
			path = Views;
			sourceTree = "<group>";
		};
		DFF45DE72AE6C4D8001EA107 /* ViewModels */ = {
			isa = PBXGroup;
			children = (
				DFDBBA522AE7C5980050F1DB /* MovieListViewViewModel.swift */,
				DFDBBA542AE7CAB10050F1DB /* MovieCollectionViewCellViewModel.swift */,
				DF13ECD32AEBBA5800666311 /* MovieNoSearchResultsViewViewModel.swift */,
				DF342D5C2AEEABF0008DF101 /* Detail */,
			);
			path = ViewModels;
			sourceTree = "<group>";
		};
		DFF45DE82AE6C4E0001EA107 /* Models */ = {
			isa = PBXGroup;
			children = (
				DFF45DF92AE6D469001EA107 /* MoviesResponse.swift */,
				DF342D5F2AEED256008DF101 /* VideoResponse.swift */,
				DF342D612AEED2B2008DF101 /* Video.swift */,
				DFF45DFD2AE6DAF7001EA107 /* Movie.swift */,
				DF9DEFC42AEADF8D00D09D97 /* GenresResponse.swift */,
				DF04F1E02AED802400260C18 /* MovieDetails.swift */,
			);
			path = Models;
			sourceTree = "<group>";
		};
		DFF45DF22AE6D2C9001EA107 /* Managers */ = {
			isa = PBXGroup;
			children = (
				DFF45DF32AE6D2D4001EA107 /* ApiManager.swift */,
				DFF45DF52AE6D2E1001EA107 /* AlamofireHelper.swift */,
				DF96FC322AE81B860039B4B3 /* APICacheManager.swift */,
			);
			path = Managers;
			sourceTree = "<group>";
		};
		DFF45DFF2AE6DBDD001EA107 /* Network */ = {
			isa = PBXGroup;
			children = (
				DFF45DF72AE6D346001EA107 /* BaseConstants.swift */,
				DFF45DFB2AE6D55F001EA107 /* Reachability.swift */,
				DFF45E002AE6EE0E001EA107 /* LogManager.swift */,
				DF96FC362AE8293A0039B4B3 /* MovieRequest.swift */,
				DF96FC382AE8298C0039B4B3 /* MovieEndpoint.swift */,
			);
			path = Network;
			sourceTree = "<group>";
		};
		E3EF012FDFB984F400EF8511 /* Pods */ = {
			isa = PBXGroup;
			children = (
				84099F9D17535CAB4F0F6AB2 /* Pods-MoviesNatife.debug.xcconfig */,
				B190B3AAF3DB19BE49450B85 /* Pods-MoviesNatife.release.xcconfig */,
			);
			path = Pods;
			sourceTree = "<group>";
		};
/* End PBXGroup section */

/* Begin PBXNativeTarget section */
		DFF45DC82AE6BD7A001EA107 /* MoviesNatife */ = {
			isa = PBXNativeTarget;
			buildConfigurationList = DFF45DDD2AE6BD7B001EA107 /* Build configuration list for PBXNativeTarget "MoviesNatife" */;
			buildPhases = (
				9BCB0CDE1FFF9F5C86AE951A /* [CP] Check Pods Manifest.lock */,
				DFF45DC52AE6BD7A001EA107 /* Sources */,
				DFF45DC62AE6BD7A001EA107 /* Frameworks */,
				DFF45DC72AE6BD7A001EA107 /* Resources */,
				E4C75661218D743BB187182E /* [CP] Embed Pods Frameworks */,
			);
			buildRules = (
			);
			dependencies = (
			);
			name = MoviesNatife;
			productName = MoviesNatife;
			productReference = DFF45DC92AE6BD7A001EA107 /* MoviesNatife.app */;
			productType = "com.apple.product-type.application";
		};
/* End PBXNativeTarget section */

/* Begin PBXProject section */
		DFF45DC12AE6BD7A001EA107 /* Project object */ = {
			isa = PBXProject;
			attributes = {
				BuildIndependentTargetsInParallel = 1;
				LastSwiftUpdateCheck = 1500;
				LastUpgradeCheck = 1500;
				TargetAttributes = {
					DFF45DC82AE6BD7A001EA107 = {
						CreatedOnToolsVersion = 15.0;
					};
				};
			};
			buildConfigurationList = DFF45DC42AE6BD7A001EA107 /* Build configuration list for PBXProject "MoviesNatife" */;
			compatibilityVersion = "Xcode 14.0";
			developmentRegion = en;
			hasScannedForEncodings = 0;
			knownRegions = (
				en,
				Base,
			);
			mainGroup = DFF45DC02AE6BD7A001EA107;
			productRefGroup = DFF45DCA2AE6BD7A001EA107 /* Products */;
			projectDirPath = "";
			projectRoot = "";
			targets = (
				DFF45DC82AE6BD7A001EA107 /* MoviesNatife */,
			);
		};
/* End PBXProject section */

/* Begin PBXResourcesBuildPhase section */
		DFF45DC72AE6BD7A001EA107 /* Resources */ = {
			isa = PBXResourcesBuildPhase;
			buildActionMask = 2147483647;
			files = (
				DFF45DD92AE6BD7B001EA107 /* LaunchScreen.storyboard in Resources */,
				DFF45DD62AE6BD7B001EA107 /* Assets.xcassets in Resources */,
			);
			runOnlyForDeploymentPostprocessing = 0;
		};
/* End PBXResourcesBuildPhase section */

/* Begin PBXShellScriptBuildPhase section */
		9BCB0CDE1FFF9F5C86AE951A /* [CP] Check Pods Manifest.lock */ = {
			isa = PBXShellScriptBuildPhase;
			buildActionMask = 2147483647;
			files = (
			);
			inputFileListPaths = (
			);
			inputPaths = (
				"${PODS_PODFILE_DIR_PATH}/Podfile.lock",
				"${PODS_ROOT}/Manifest.lock",
			);
			name = "[CP] Check Pods Manifest.lock";
			outputFileListPaths = (
			);
			outputPaths = (
				"$(DERIVED_FILE_DIR)/Pods-MoviesNatife-checkManifestLockResult.txt",
			);
			runOnlyForDeploymentPostprocessing = 0;
			shellPath = /bin/sh;
			shellScript = "diff \"${PODS_PODFILE_DIR_PATH}/Podfile.lock\" \"${PODS_ROOT}/Manifest.lock\" > /dev/null\nif [ $? != 0 ] ; then\n    # print error to STDERR\n    echo \"error: The sandbox is not in sync with the Podfile.lock. Run 'pod install' or update your CocoaPods installation.\" >&2\n    exit 1\nfi\n# This output is used by Xcode 'outputs' to avoid re-running this script phase.\necho \"SUCCESS\" > \"${SCRIPT_OUTPUT_FILE_0}\"\n";
			showEnvVarsInLog = 0;
		};
		E4C75661218D743BB187182E /* [CP] Embed Pods Frameworks */ = {
			isa = PBXShellScriptBuildPhase;
			buildActionMask = 2147483647;
			files = (
			);
			inputFileListPaths = (
				"${PODS_ROOT}/Target Support Files/Pods-MoviesNatife/Pods-MoviesNatife-frameworks-${CONFIGURATION}-input-files.xcfilelist",
			);
			name = "[CP] Embed Pods Frameworks";
			outputFileListPaths = (
				"${PODS_ROOT}/Target Support Files/Pods-MoviesNatife/Pods-MoviesNatife-frameworks-${CONFIGURATION}-output-files.xcfilelist",
			);
			runOnlyForDeploymentPostprocessing = 0;
			shellPath = /bin/sh;
			shellScript = "\"${PODS_ROOT}/Target Support Files/Pods-MoviesNatife/Pods-MoviesNatife-frameworks.sh\"\n";
			showEnvVarsInLog = 0;
		};
/* End PBXShellScriptBuildPhase section */

/* Begin PBXSourcesBuildPhase section */
		DFF45DC52AE6BD7A001EA107 /* Sources */ = {
			isa = PBXSourcesBuildPhase;
			buildActionMask = 2147483647;
			files = (
				DF342D5A2AEEABDC008DF101 /* MovieDetailView.swift in Sources */,
				DFB2BCA42AF03DB700C81AE5 /* VideoPlayerViewController.swift in Sources */,
				DFF45E012AE6EE0E001EA107 /* LogManager.swift in Sources */,
				DFDBBA552AE7CAB10050F1DB /* MovieCollectionViewCellViewModel.swift in Sources */,
				DF342D582AEEAB3A008DF101 /* MovieDetailViewViewModel.swift in Sources */,
				DFDBBA4F2AE7C24E0050F1DB /* MovieListView.swift in Sources */,
				DF9DEFC52AEADF8D00D09D97 /* GenresResponse.swift in Sources */,
				DF04F1E12AED802400260C18 /* MovieDetails.swift in Sources */,
				DF342D622AEED2B2008DF101 /* Video.swift in Sources */,
				DFF45DF62AE6D2E1001EA107 /* AlamofireHelper.swift in Sources */,
				DFF45DD12AE6BD7A001EA107 /* PopularMoviesViewController.swift in Sources */,
				DFF45DCD2AE6BD7A001EA107 /* AppDelegate.swift in Sources */,
				DFD480212AEAC26600B6C225 /* MovieSearchInputView.swift in Sources */,
				DFF45DCF2AE6BD7A001EA107 /* SceneDelegate.swift in Sources */,
				DF07A4A52AE98D6E00F11149 /* MovieLoadingCollectionReusableView.swift in Sources */,
				DFF45E032AE6F488001EA107 /* Alert.swift in Sources */,
				DF96FC392AE8298C0039B4B3 /* MovieEndpoint.swift in Sources */,
				DFF45DEA2AE6C948001EA107 /* Utilities.swift in Sources */,
				DF13ECD42AEBBA5800666311 /* MovieNoSearchResultsViewViewModel.swift in Sources */,
				DF342D5E2AEECBB6008DF101 /* ImageViewController.swift in Sources */,
				DF342D602AEED256008DF101 /* VideoResponse.swift in Sources */,
				DFF45DFA2AE6D469001EA107 /* MoviesResponse.swift in Sources */,
				DF96FC372AE8293A0039B4B3 /* MovieRequest.swift in Sources */,
				DFF45DF42AE6D2D4001EA107 /* ApiManager.swift in Sources */,
				DFDBBA532AE7C5980050F1DB /* MovieListViewViewModel.swift in Sources */,
				DFF45DF82AE6D346001EA107 /* BaseConstants.swift in Sources */,
				DFF45DFC2AE6D55F001EA107 /* Reachability.swift in Sources */,
				DFDBBA512AE7C2CC0050F1DB /* MovieCollectionViewCell.swift in Sources */,
				DFF45DFE2AE6DAF7001EA107 /* Movie.swift in Sources */,
				DF96FC332AE81B860039B4B3 /* APICacheManager.swift in Sources */,
				DF342D562AEE745B008DF101 /* MovieDetailsViewController.swift in Sources */,
				DF13ECD22AEBBA1A00666311 /* MovieNoSearchResultsView.swift in Sources */,
				DFF45DE22AE6C457001EA107 /* Extensions.swift in Sources */,
			);
			runOnlyForDeploymentPostprocessing = 0;
		};
/* End PBXSourcesBuildPhase section */

/* Begin PBXVariantGroup section */
		DFF45DD72AE6BD7B001EA107 /* LaunchScreen.storyboard */ = {
			isa = PBXVariantGroup;
			children = (
				DFF45DD82AE6BD7B001EA107 /* Base */,
			);
			name = LaunchScreen.storyboard;
			sourceTree = "<group>";
		};
/* End PBXVariantGroup section */

/* Begin XCBuildConfiguration section */
		DFF45DDB2AE6BD7B001EA107 /* Debug */ = {
			isa = XCBuildConfiguration;
			buildSettings = {
				ALWAYS_SEARCH_USER_PATHS = NO;
				ASSETCATALOG_COMPILER_GENERATE_SWIFT_ASSET_SYMBOL_EXTENSIONS = YES;
				CLANG_ANALYZER_NONNULL = YES;
				CLANG_ANALYZER_NUMBER_OBJECT_CONVERSION = YES_AGGRESSIVE;
				CLANG_CXX_LANGUAGE_STANDARD = "gnu++20";
				CLANG_ENABLE_MODULES = YES;
				CLANG_ENABLE_OBJC_ARC = YES;
				CLANG_ENABLE_OBJC_WEAK = YES;
				CLANG_WARN_BLOCK_CAPTURE_AUTORELEASING = YES;
				CLANG_WARN_BOOL_CONVERSION = YES;
				CLANG_WARN_COMMA = YES;
				CLANG_WARN_CONSTANT_CONVERSION = YES;
				CLANG_WARN_DEPRECATED_OBJC_IMPLEMENTATIONS = YES;
				CLANG_WARN_DIRECT_OBJC_ISA_USAGE = YES_ERROR;
				CLANG_WARN_DOCUMENTATION_COMMENTS = YES;
				CLANG_WARN_EMPTY_BODY = YES;
				CLANG_WARN_ENUM_CONVERSION = YES;
				CLANG_WARN_INFINITE_RECURSION = YES;
				CLANG_WARN_INT_CONVERSION = YES;
				CLANG_WARN_NON_LITERAL_NULL_CONVERSION = YES;
				CLANG_WARN_OBJC_IMPLICIT_RETAIN_SELF = YES;
				CLANG_WARN_OBJC_LITERAL_CONVERSION = YES;
				CLANG_WARN_OBJC_ROOT_CLASS = YES_ERROR;
				CLANG_WARN_QUOTED_INCLUDE_IN_FRAMEWORK_HEADER = YES;
				CLANG_WARN_RANGE_LOOP_ANALYSIS = YES;
				CLANG_WARN_STRICT_PROTOTYPES = YES;
				CLANG_WARN_SUSPICIOUS_MOVE = YES;
				CLANG_WARN_UNGUARDED_AVAILABILITY = YES_AGGRESSIVE;
				CLANG_WARN_UNREACHABLE_CODE = YES;
				CLANG_WARN__DUPLICATE_METHOD_MATCH = YES;
				COPY_PHASE_STRIP = NO;
				DEBUG_INFORMATION_FORMAT = dwarf;
				ENABLE_STRICT_OBJC_MSGSEND = YES;
				ENABLE_TESTABILITY = YES;
				ENABLE_USER_SCRIPT_SANDBOXING = NO;
				GCC_C_LANGUAGE_STANDARD = gnu17;
				GCC_DYNAMIC_NO_PIC = NO;
				GCC_NO_COMMON_BLOCKS = YES;
				GCC_OPTIMIZATION_LEVEL = 0;
				GCC_PREPROCESSOR_DEFINITIONS = (
					"DEBUG=1",
					"$(inherited)",
				);
				GCC_WARN_64_TO_32_BIT_CONVERSION = YES;
				GCC_WARN_ABOUT_RETURN_TYPE = YES_ERROR;
				GCC_WARN_UNDECLARED_SELECTOR = YES;
				GCC_WARN_UNINITIALIZED_AUTOS = YES_AGGRESSIVE;
				GCC_WARN_UNUSED_FUNCTION = YES;
				GCC_WARN_UNUSED_VARIABLE = YES;
				IPHONEOS_DEPLOYMENT_TARGET = 15.0;
				LOCALIZATION_PREFERS_STRING_CATALOGS = YES;
				MTL_ENABLE_DEBUG_INFO = INCLUDE_SOURCE;
				MTL_FAST_MATH = YES;
				ONLY_ACTIVE_ARCH = YES;
				SDKROOT = iphoneos;
				SWIFT_ACTIVE_COMPILATION_CONDITIONS = "DEBUG $(inherited)";
				SWIFT_OPTIMIZATION_LEVEL = "-Onone";
			};
			name = Debug;
		};
		DFF45DDC2AE6BD7B001EA107 /* Release */ = {
			isa = XCBuildConfiguration;
			buildSettings = {
				ALWAYS_SEARCH_USER_PATHS = NO;
				ASSETCATALOG_COMPILER_GENERATE_SWIFT_ASSET_SYMBOL_EXTENSIONS = YES;
				CLANG_ANALYZER_NONNULL = YES;
				CLANG_ANALYZER_NUMBER_OBJECT_CONVERSION = YES_AGGRESSIVE;
				CLANG_CXX_LANGUAGE_STANDARD = "gnu++20";
				CLANG_ENABLE_MODULES = YES;
				CLANG_ENABLE_OBJC_ARC = YES;
				CLANG_ENABLE_OBJC_WEAK = YES;
				CLANG_WARN_BLOCK_CAPTURE_AUTORELEASING = YES;
				CLANG_WARN_BOOL_CONVERSION = YES;
				CLANG_WARN_COMMA = YES;
				CLANG_WARN_CONSTANT_CONVERSION = YES;
				CLANG_WARN_DEPRECATED_OBJC_IMPLEMENTATIONS = YES;
				CLANG_WARN_DIRECT_OBJC_ISA_USAGE = YES_ERROR;
				CLANG_WARN_DOCUMENTATION_COMMENTS = YES;
				CLANG_WARN_EMPTY_BODY = YES;
				CLANG_WARN_ENUM_CONVERSION = YES;
				CLANG_WARN_INFINITE_RECURSION = YES;
				CLANG_WARN_INT_CONVERSION = YES;
				CLANG_WARN_NON_LITERAL_NULL_CONVERSION = YES;
				CLANG_WARN_OBJC_IMPLICIT_RETAIN_SELF = YES;
				CLANG_WARN_OBJC_LITERAL_CONVERSION = YES;
				CLANG_WARN_OBJC_ROOT_CLASS = YES_ERROR;
				CLANG_WARN_QUOTED_INCLUDE_IN_FRAMEWORK_HEADER = YES;
				CLANG_WARN_RANGE_LOOP_ANALYSIS = YES;
				CLANG_WARN_STRICT_PROTOTYPES = YES;
				CLANG_WARN_SUSPICIOUS_MOVE = YES;
				CLANG_WARN_UNGUARDED_AVAILABILITY = YES_AGGRESSIVE;
				CLANG_WARN_UNREACHABLE_CODE = YES;
				CLANG_WARN__DUPLICATE_METHOD_MATCH = YES;
				COPY_PHASE_STRIP = NO;
				DEBUG_INFORMATION_FORMAT = "dwarf-with-dsym";
				ENABLE_NS_ASSERTIONS = NO;
				ENABLE_STRICT_OBJC_MSGSEND = YES;
				ENABLE_USER_SCRIPT_SANDBOXING = NO;
				GCC_C_LANGUAGE_STANDARD = gnu17;
				GCC_NO_COMMON_BLOCKS = YES;
				GCC_WARN_64_TO_32_BIT_CONVERSION = YES;
				GCC_WARN_ABOUT_RETURN_TYPE = YES_ERROR;
				GCC_WARN_UNDECLARED_SELECTOR = YES;
				GCC_WARN_UNINITIALIZED_AUTOS = YES_AGGRESSIVE;
				GCC_WARN_UNUSED_FUNCTION = YES;
				GCC_WARN_UNUSED_VARIABLE = YES;
				IPHONEOS_DEPLOYMENT_TARGET = 15.0;
				LOCALIZATION_PREFERS_STRING_CATALOGS = YES;
				MTL_ENABLE_DEBUG_INFO = NO;
				MTL_FAST_MATH = YES;
				SDKROOT = iphoneos;
				SWIFT_COMPILATION_MODE = wholemodule;
				VALIDATE_PRODUCT = YES;
			};
			name = Release;
		};
		DFF45DDE2AE6BD7B001EA107 /* Debug */ = {
			isa = XCBuildConfiguration;
			baseConfigurationReference = 84099F9D17535CAB4F0F6AB2 /* Pods-MoviesNatife.debug.xcconfig */;
			buildSettings = {
				ASSETCATALOG_COMPILER_APPICON_NAME = AppIcon;
				ASSETCATALOG_COMPILER_GLOBAL_ACCENT_COLOR_NAME = AccentColor;
				CODE_SIGN_STYLE = Automatic;
				CURRENT_PROJECT_VERSION = 1;
				DEVELOPMENT_TEAM = UNQVQM5ZA2;
				GENERATE_INFOPLIST_FILE = YES;
				INFOPLIST_FILE = MoviesNatife/Info.plist;
				INFOPLIST_KEY_UIApplicationSupportsIndirectInputEvents = YES;
				INFOPLIST_KEY_UILaunchStoryboardName = LaunchScreen;
				INFOPLIST_KEY_UISupportedInterfaceOrientations_iPad = "UIInterfaceOrientationPortrait UIInterfaceOrientationPortraitUpsideDown UIInterfaceOrientationLandscapeLeft UIInterfaceOrientationLandscapeRight";
				INFOPLIST_KEY_UISupportedInterfaceOrientations_iPhone = UIInterfaceOrientationPortrait;
				IPHONEOS_DEPLOYMENT_TARGET = 15.0;
				LD_RUNPATH_SEARCH_PATHS = (
					"$(inherited)",
					"@executable_path/Frameworks",
				);
				MARKETING_VERSION = 1.0;
				PRODUCT_BUNDLE_IDENTIFIER = Practice.MoviesNatife;
				PRODUCT_NAME = "$(TARGET_NAME)";
				SWIFT_EMIT_LOC_STRINGS = YES;
				SWIFT_VERSION = 5.0;
				TARGETED_DEVICE_FAMILY = "1,2";
			};
			name = Debug;
		};
		DFF45DDF2AE6BD7B001EA107 /* Release */ = {
			isa = XCBuildConfiguration;
			baseConfigurationReference = B190B3AAF3DB19BE49450B85 /* Pods-MoviesNatife.release.xcconfig */;
			buildSettings = {
				ASSETCATALOG_COMPILER_APPICON_NAME = AppIcon;
				ASSETCATALOG_COMPILER_GLOBAL_ACCENT_COLOR_NAME = AccentColor;
				CODE_SIGN_STYLE = Automatic;
				CURRENT_PROJECT_VERSION = 1;
				DEVELOPMENT_TEAM = UNQVQM5ZA2;
				GENERATE_INFOPLIST_FILE = YES;
				INFOPLIST_FILE = MoviesNatife/Info.plist;
				INFOPLIST_KEY_UIApplicationSupportsIndirectInputEvents = YES;
				INFOPLIST_KEY_UILaunchStoryboardName = LaunchScreen;
				INFOPLIST_KEY_UISupportedInterfaceOrientations_iPad = "UIInterfaceOrientationPortrait UIInterfaceOrientationPortraitUpsideDown UIInterfaceOrientationLandscapeLeft UIInterfaceOrientationLandscapeRight";
				INFOPLIST_KEY_UISupportedInterfaceOrientations_iPhone = UIInterfaceOrientationPortrait;
				IPHONEOS_DEPLOYMENT_TARGET = 15.0;
				LD_RUNPATH_SEARCH_PATHS = (
					"$(inherited)",
					"@executable_path/Frameworks",
				);
				MARKETING_VERSION = 1.0;
				PRODUCT_BUNDLE_IDENTIFIER = Practice.MoviesNatife;
				PRODUCT_NAME = "$(TARGET_NAME)";
				SWIFT_EMIT_LOC_STRINGS = YES;
				SWIFT_VERSION = 5.0;
				TARGETED_DEVICE_FAMILY = "1,2";
			};
			name = Release;
		};
/* End XCBuildConfiguration section */

/* Begin XCConfigurationList section */
		DFF45DC42AE6BD7A001EA107 /* Build configuration list for PBXProject "MoviesNatife" */ = {
			isa = XCConfigurationList;
			buildConfigurations = (
				DFF45DDB2AE6BD7B001EA107 /* Debug */,
				DFF45DDC2AE6BD7B001EA107 /* Release */,
			);
			defaultConfigurationIsVisible = 0;
			defaultConfigurationName = Release;
		};
		DFF45DDD2AE6BD7B001EA107 /* Build configuration list for PBXNativeTarget "MoviesNatife" */ = {
			isa = XCConfigurationList;
			buildConfigurations = (
				DFF45DDE2AE6BD7B001EA107 /* Debug */,
				DFF45DDF2AE6BD7B001EA107 /* Release */,
			);
			defaultConfigurationIsVisible = 0;
			defaultConfigurationName = Release;
		};
/* End XCConfigurationList section */
	};
	rootObject = DFF45DC12AE6BD7A001EA107 /* Project object */;
}
